
Microsoft Visual Studio Solution File, Format Version 12.00
# Visual Studio Version 17
VisualStudioVersion = 17.3.32922.545
MinimumVisualStudioVersion = 10.0.40219.1
Project("{FAE04EC0-301F-11D3-BF4B-00C04F79EFBC}") = "SubtitlesPlugger", "SubtitlesPlugger\SubtitlesPlugger.csproj", "{AE2BA15B-6730-425D-AA32-FD0B3079A43F}"
EndProject
Global
	GlobalSection(SolutionConfigurationPlatforms) = preSolution
		Debug|Any CPU = Debug|Any CPU
		Release|Any CPU = Release|Any CPU
	EndGlobalSection
	GlobalSection(ProjectConfigurationPlatforms) = postSolution
		{AE2BA15B-6730-425D-AA32-FD0B3079A43F}.Debug|Any CPU.ActiveCfg = Debug|Any CPU
		{AE2BA15B-6730-425D-AA32-FD0B3079A43F}.Debug|Any CPU.Build.0 = Debug|Any CPU
		{AE2BA15B-6730-425D-AA32-FD0B3079A43F}.Release|Any CPU.ActiveCfg = Release|Any CPU
		{AE2BA15B-6730-425D-AA32-FD0B3079A43F}.Release|Any CPU.Build.0 = Release|Any CPU
	EndGlobalSection
	GlobalSection(SolutionProperties) = preSolution
		HideSolutionNode = FALSE
	EndGlobalSection
	GlobalSection(ExtensibilityGlobals) = postSolution
		SolutionGuid = {404CDCAE-9325-4EC7-975B-B3623D84D271}
	EndGlobalSection
EndGlobal
